
Microsoft Visual Studio Solution File, Format Version 12.00
# Visual Studio Version 16
VisualStudioVersion = 16.0.29102.190
MinimumVisualStudioVersion = 10.0.40219.1
Project("{9A19103F-16F7-4668-BE54-9A1E7A4F7556}") = "DeepLearningFramework", "DeepLearningFramework\DeepLearningFramework.csproj", "{EE8D3BD1-1FC0-4A27-B03F-F902D3FEBBE9}"
EndProject
Project("{9A19103F-16F7-4668-BE54-9A1E7A4F7556}") = "Tests", "Tests\Tests.csproj", "{2A726E3D-4880-4E91-A967-0E1E774B033A}"
EndProject
Global
	GlobalSection(SolutionConfigurationPlatforms) = preSolution
		Debug|Any CPU = Debug|Any CPU
		Release|Any CPU = Release|Any CPU
	EndGlobalSection
	GlobalSection(ProjectConfigurationPlatforms) = postSolution
		{EE8D3BD1-1FC0-4A27-B03F-F902D3FEBBE9}.Debug|Any CPU.ActiveCfg = Debug|Any CPU
		{EE8D3BD1-1FC0-4A27-B03F-F902D3FEBBE9}.Debug|Any CPU.Build.0 = Debug|Any CPU
		{EE8D3BD1-1FC0-4A27-B03F-F902D3FEBBE9}.Release|Any CPU.ActiveCfg = Release|Any CPU
		{EE8D3BD1-1FC0-4A27-B03F-F902D3FEBBE9}.Release|Any CPU.Build.0 = Release|Any CPU
		{2A726E3D-4880-4E91-A967-0E1E774B033A}.Debug|Any CPU.ActiveCfg = Debug|Any CPU
		{2A726E3D-4880-4E91-A967-0E1E774B033A}.Debug|Any CPU.Build.0 = Debug|Any CPU
		{2A726E3D-4880-4E91-A967-0E1E774B033A}.Release|Any CPU.ActiveCfg = Release|Any CPU
		{2A726E3D-4880-4E91-A967-0E1E774B033A}.Release|Any CPU.Build.0 = Release|Any CPU
	EndGlobalSection
	GlobalSection(SolutionProperties) = preSolution
		HideSolutionNode = FALSE
	EndGlobalSection
	GlobalSection(ExtensibilityGlobals) = postSolution
		SolutionGuid = {59FF8E6F-95CE-434D-A137-0E8B1BBFF6AA}
	EndGlobalSection
EndGlobal
